{
    "name": "SinglePageApplication",
    "lockfileVersion": 3,
    "requires": true,
    "packages": {
        "": {
            "dependencies": {
                "vform": "^2.1.2",
                "vue-router": "^4.2.5",
                "vue-toast-notification": "^3.1.2",
                "vue3-toastify": "^0.2.1"
            },
            "devDependencies": {
                "@popperjs/core": "^2.11.6",
                "@vitejs/plugin-vue": "^4.5.0",
                "axios": "^1.6.5",
                "bootstrap": "^5.2.3",
                "laravel-vite-plugin": "^1.0.0",
                "sass": "^1.56.1",
                "vite": "^5.0.0",
                "vue": "^3.2.37"
            }
        },
        "node_modules/@babel/parser": {
            "version": "7.23.6",
            "license": "MIT",
            "bin": {
                "parser": "bin/babel-parser.js"
            },
            "engines": {
                "node": ">=6.0.0"
            }
        },
        "node_modules/@esbuild/win32-x64": {
            "version": "0.19.11",
            "cpu": [
                "x64"
            ],
            "dev": true,
            "license": "MIT",
            "optional": true,
            "os": [
                "win32"
            ],
            "engines": {
                "node": ">=12"
            }
        },
        "node_modules/@jridgewell/sourcemap-codec": {
            "version": "1.4.15",
            "license": "MIT"
        },
        "node_modules/@popperjs/core": {
            "version": "2.11.8",
            "dev": true,
            "license": "MIT",
            "funding": {
                "type": "opencollective",
                "url": "https://opencollective.com/popperjs"
            }
        },
        "node_modules/@rollup/rollup-win32-x64-msvc": {
            "version": "4.9.4",
            "cpu": [
                "x64"
            ],
            "dev": true,
            "license": "MIT",
            "optional": true,
            "os": [
                "win32"
            ]
        },
        "node_modules/@types/estree": {
            "version": "1.0.5",
            "dev": true,
            "license": "MIT"
        },
        "node_modules/@vitejs/plugin-vue": {
            "version": "4.6.2",
            "dev": true,
            "license": "MIT",
            "engines": {
                "node": "^14.18.0 || >=16.0.0"
            },
            "peerDependencies": {
                "vite": "^4.0.0 || ^5.0.0",
                "vue": "^3.2.25"
            }
        },
        "node_modules/@vue/compiler-core": {
            "version": "3.4.7",
            "license": "MIT",
            "dependencies": {
                "@babel/parser": "^7.23.6",
                "@vue/shared": "3.4.7",
                "entities": "^4.5.0",
                "estree-walker": "^2.0.2",
                "source-map-js": "^1.0.2"
            }
        },
        "node_modules/@vue/compiler-dom": {
            "version": "3.4.7",
            "license": "MIT",
            "dependencies": {
                "@vue/compiler-core": "3.4.7",
                "@vue/shared": "3.4.7"
            }
        },
        "node_modules/@vue/compiler-sfc": {
            "version": "3.4.7",
            "license": "MIT",
            "dependencies": {
                "@babel/parser": "^7.23.6",
                "@vue/compiler-core": "3.4.7",
                "@vue/compiler-dom": "3.4.7",
                "@vue/compiler-ssr": "3.4.7",
                "@vue/shared": "3.4.7",
                "estree-walker": "^2.0.2",
                "magic-string": "^0.30.5",
                "postcss": "^8.4.32",
                "source-map-js": "^1.0.2"
            }
        },
        "node_modules/@vue/compiler-ssr": {
            "version": "3.4.7",
            "license": "MIT",
            "dependencies": {
                "@vue/compiler-dom": "3.4.7",
                "@vue/shared": "3.4.7"
            }
        },
        "node_modules/@vue/devtools-api": {
            "version": "6.5.1",
            "license": "MIT"
        },
        "node_modules/@vue/reactivity": {
            "version": "3.4.7",
            "license": "MIT",
            "dependencies": {
                "@vue/shared": "3.4.7"
            }
        },
        "node_modules/@vue/runtime-core": {
            "version": "3.4.7",
            "license": "MIT",
            "dependencies": {
                "@vue/reactivity": "3.4.7",
                "@vue/shared": "3.4.7"
            }
        },
        "node_modules/@vue/runtime-dom": {
            "version": "3.4.7",
            "license": "MIT",
            "dependencies": {
                "@vue/runtime-core": "3.4.7",
                "@vue/shared": "3.4.7",
                "csstype": "^3.1.3"
            }
        },
        "node_modules/@vue/server-renderer": {
            "version": "3.4.7",
            "license": "MIT",
            "dependencies": {
                "@vue/compiler-ssr": "3.4.7",
                "@vue/shared": "3.4.7"
            },
            "peerDependencies": {
                "vue": "3.4.7"
            }
        },
        "node_modules/@vue/shared": {
            "version": "3.4.7",
            "license": "MIT"
        },
        "node_modules/anymatch": {
            "version": "3.1.3",
            "dev": true,
            "license": "ISC",
            "dependencies": {
                "normalize-path": "^3.0.0",
                "picomatch": "^2.0.4"
            },
            "engines": {
                "node": ">= 8"
            }
        },
        "node_modules/asynckit": {
            "version": "0.4.0",
            "license": "MIT"
        },
        "node_modules/axios": {
            "version": "1.6.5",
            "resolved": "https://registry.npmjs.org/axios/-/axios-1.6.5.tgz",
            "integrity": "sha512-Ii012v05KEVuUoFWmMW/UQv9aRIc3ZwkWDcM+h5Il8izZCtRVpDUfwpoFf7eOtajT3QiGR4yDUx7lPqHJULgbg==",
            "dependencies": {
                "follow-redirects": "^1.15.4",
                "form-data": "^4.0.0",
                "proxy-from-env": "^1.1.0"
            }
        },
        "node_modules/binary-extensions": {
            "version": "2.2.0",
            "dev": true,
            "license": "MIT",
            "engines": {
                "node": ">=8"
            }
        },
        "node_modules/bootstrap": {
            "version": "5.3.2",
            "dev": true,
            "funding": [
                {
                    "type": "github",
                    "url": "https://github.com/sponsors/twbs"
                },
                {
                    "type": "opencollective",
                    "url": "https://opencollective.com/bootstrap"
                }
            ],
            "license": "MIT",
            "peerDependencies": {
                "@popperjs/core": "^2.11.8"
            }
        },
        "node_modules/braces": {
            "version": "3.0.2",
            "dev": true,
            "license": "MIT",
            "dependencies": {
                "fill-range": "^7.0.1"
            },
            "engines": {
                "node": ">=8"
            }
        },
        "node_modules/chokidar": {
            "version": "3.5.3",
            "dev": true,
            "funding": [
                {
                    "type": "individual",
                    "url": "https://paulmillr.com/funding/"
                }
            ],
            "license": "MIT",
            "dependencies": {
                "anymatch": "~3.1.2",
                "braces": "~3.0.2",
                "glob-parent": "~5.1.2",
                "is-binary-path": "~2.1.0",
                "is-glob": "~4.0.1",
                "normalize-path": "~3.0.0",
                "readdirp": "~3.6.0"
            },
            "engines": {
                "node": ">= 8.10.0"
            },
            "optionalDependencies": {
                "fsevents": "~2.3.2"
            }
        },
        "node_modules/combined-stream": {
            "version": "1.0.8",
            "license": "MIT",
            "dependencies": {
                "delayed-stream": "~1.0.0"
            },
            "engines": {
                "node": ">= 0.8"
            }
        },
        "node_modules/csstype": {
            "version": "3.1.3",
            "license": "MIT"
        },
        "node_modules/delayed-stream": {
            "version": "1.0.0",
            "license": "MIT",
            "engines": {
                "node": ">=0.4.0"
            }
        },
        "node_modules/entities": {
            "version": "4.5.0",
            "license": "BSD-2-Clause",
            "engines": {
                "node": ">=0.12"
            },
            "funding": {
                "url": "https://github.com/fb55/entities?sponsor=1"
            }
        },
        "node_modules/esbuild": {
            "version": "0.19.11",
            "dev": true,
            "hasInstallScript": true,
            "license": "MIT",
            "bin": {
                "esbuild": "bin/esbuild"
            },
            "engines": {
                "node": ">=12"
            },
            "optionalDependencies": {
                "@esbuild/aix-ppc64": "0.19.11",
                "@esbuild/android-arm": "0.19.11",
                "@esbuild/android-arm64": "0.19.11",
                "@esbuild/android-x64": "0.19.11",
                "@esbuild/darwin-arm64": "0.19.11",
                "@esbuild/darwin-x64": "0.19.11",
                "@esbuild/freebsd-arm64": "0.19.11",
                "@esbuild/freebsd-x64": "0.19.11",
                "@esbuild/linux-arm": "0.19.11",
                "@esbuild/linux-arm64": "0.19.11",
                "@esbuild/linux-ia32": "0.19.11",
                "@esbuild/linux-loong64": "0.19.11",
                "@esbuild/linux-mips64el": "0.19.11",
                "@esbuild/linux-ppc64": "0.19.11",
                "@esbuild/linux-riscv64": "0.19.11",
                "@esbuild/linux-s390x": "0.19.11",
                "@esbuild/linux-x64": "0.19.11",
                "@esbuild/netbsd-x64": "0.19.11",
                "@esbuild/openbsd-x64": "0.19.11",
                "@esbuild/sunos-x64": "0.19.11",
                "@esbuild/win32-arm64": "0.19.11",
                "@esbuild/win32-ia32": "0.19.11",
                "@esbuild/win32-x64": "0.19.11"
            }
        },
        "node_modules/estree-walker": {
            "version": "2.0.2",
            "license": "MIT"
        },
        "node_modules/fill-range": {
            "version": "7.0.1",
            "dev": true,
            "license": "MIT",
            "dependencies": {
                "to-regex-range": "^5.0.1"
            },
            "engines": {
                "node": ">=8"
            }
        },
        "node_modules/follow-redirects": {
            "version": "1.15.4",
            "funding": [
                {
                    "type": "individual",
                    "url": "https://github.com/sponsors/RubenVerborgh"
                }
            ],
            "license": "MIT",
            "engines": {
                "node": ">=4.0"
            },
            "peerDependenciesMeta": {
                "debug": {
                    "optional": true
                }
            }
        },
        "node_modules/form-data": {
            "version": "4.0.0",
            "license": "MIT",
            "dependencies": {
                "asynckit": "^0.4.0",
                "combined-stream": "^1.0.8",
                "mime-types": "^2.1.12"
            },
            "engines": {
                "node": ">= 6"
            }
        },
        "node_modules/glob-parent": {
            "version": "5.1.2",
            "dev": true,
            "license": "ISC",
            "dependencies": {
                "is-glob": "^4.0.1"
            },
            "engines": {
                "node": ">= 6"
            }
        },
        "node_modules/immutable": {
            "version": "4.3.4",
            "dev": true,
            "license": "MIT"
        },
        "node_modules/is-binary-path": {
            "version": "2.1.0",
            "dev": true,
            "license": "MIT",
            "dependencies": {
                "binary-extensions": "^2.0.0"
            },
            "engines": {
                "node": ">=8"
            }
        },
        "node_modules/is-extglob": {
            "version": "2.1.1",
            "dev": true,
            "license": "MIT",
            "engines": {
                "node": ">=0.10.0"
            }
        },
        "node_modules/is-glob": {
            "version": "4.0.3",
            "dev": true,
            "license": "MIT",
            "dependencies": {
                "is-extglob": "^2.1.1"
            },
            "engines": {
                "node": ">=0.10.0"
            }
        },
        "node_modules/is-number": {
            "version": "7.0.0",
            "dev": true,
            "license": "MIT",
            "engines": {
                "node": ">=0.12.0"
            }
        },
        "node_modules/laravel-vite-plugin": {
            "version": "1.0.1",
            "dev": true,
            "license": "MIT",
            "dependencies": {
                "picocolors": "^1.0.0",
                "vite-plugin-full-reload": "^1.1.0"
            },
            "bin": {
                "clean-orphaned-assets": "bin/clean.js"
            },
            "engines": {
                "node": "^18.0.0 || >=20.0.0"
            },
            "peerDependencies": {
                "vite": "^5.0.0"
            }
        },
        "node_modules/magic-string": {
            "version": "0.30.5",
            "license": "MIT",
            "dependencies": {
                "@jridgewell/sourcemap-codec": "^1.4.15"
            },
            "engines": {
                "node": ">=12"
            }
        },
        "node_modules/mime-db": {
            "version": "1.52.0",
            "license": "MIT",
            "engines": {
                "node": ">= 0.6"
            }
        },
        "node_modules/mime-types": {
            "version": "2.1.35",
            "license": "MIT",
            "dependencies": {
                "mime-db": "1.52.0"
            },
            "engines": {
                "node": ">= 0.6"
            }
        },
        "node_modules/nanoid": {
            "version": "3.3.7",
            "funding": [
                {
                    "type": "github",
                    "url": "https://github.com/sponsors/ai"
                }
            ],
            "license": "MIT",
            "bin": {
                "nanoid": "bin/nanoid.cjs"
            },
            "engines": {
                "node": "^10 || ^12 || ^13.7 || ^14 || >=15.0.1"
            }
        },
        "node_modules/normalize-path": {
            "version": "3.0.0",
            "dev": true,
            "license": "MIT",
            "engines": {
                "node": ">=0.10.0"
            }
        },
        "node_modules/picocolors": {
            "version": "1.0.0",
            "license": "ISC"
        },
        "node_modules/picomatch": {
            "version": "2.3.1",
            "dev": true,
            "license": "MIT",
            "engines": {
                "node": ">=8.6"
            },
            "funding": {
                "url": "https://github.com/sponsors/jonschlinkert"
            }
        },
        "node_modules/postcss": {
            "version": "8.4.33",
            "funding": [
                {
                    "type": "opencollective",
                    "url": "https://opencollective.com/postcss/"
                },
                {
                    "type": "tidelift",
                    "url": "https://tidelift.com/funding/github/npm/postcss"
                },
                {
                    "type": "github",
                    "url": "https://github.com/sponsors/ai"
                }
            ],
            "license": "MIT",
            "dependencies": {
                "nanoid": "^3.3.7",
                "picocolors": "^1.0.0",
                "source-map-js": "^1.0.2"
            },
            "engines": {
                "node": "^10 || ^12 || >=14"
            }
        },
        "node_modules/proxy-from-env": {
            "version": "1.1.0",
            "license": "MIT"
        },
        "node_modules/readdirp": {
            "version": "3.6.0",
            "dev": true,
            "license": "MIT",
            "dependencies": {
                "picomatch": "^2.2.1"
            },
            "engines": {
                "node": ">=8.10.0"
            }
        },
        "node_modules/rollup": {
            "version": "4.9.4",
            "dev": true,
            "license": "MIT",
            "dependencies": {
                "@types/estree": "1.0.5"
            },
            "bin": {
                "rollup": "dist/bin/rollup"
            },
            "engines": {
                "node": ">=18.0.0",
                "npm": ">=8.0.0"
            },
            "optionalDependencies": {
                "@rollup/rollup-android-arm-eabi": "4.9.4",
                "@rollup/rollup-android-arm64": "4.9.4",
                "@rollup/rollup-darwin-arm64": "4.9.4",
                "@rollup/rollup-darwin-x64": "4.9.4",
                "@rollup/rollup-linux-arm-gnueabihf": "4.9.4",
                "@rollup/rollup-linux-arm64-gnu": "4.9.4",
                "@rollup/rollup-linux-arm64-musl": "4.9.4",
                "@rollup/rollup-linux-riscv64-gnu": "4.9.4",
                "@rollup/rollup-linux-x64-gnu": "4.9.4",
                "@rollup/rollup-linux-x64-musl": "4.9.4",
                "@rollup/rollup-win32-arm64-msvc": "4.9.4",
                "@rollup/rollup-win32-ia32-msvc": "4.9.4",
                "@rollup/rollup-win32-x64-msvc": "4.9.4",
                "fsevents": "~2.3.2"
            }
        },
        "node_modules/sass": {
            "version": "1.69.7",
            "dev": true,
            "license": "MIT",
            "dependencies": {
                "chokidar": ">=3.0.0 <4.0.0",
                "immutable": "^4.0.0",
                "source-map-js": ">=0.6.2 <2.0.0"
            },
            "bin": {
                "sass": "sass.js"
            },
            "engines": {
                "node": ">=14.0.0"
            }
        },
        "node_modules/source-map-js": {
            "version": "1.0.2",
            "license": "BSD-3-Clause",
            "engines": {
                "node": ">=0.10.0"
            }
        },
        "node_modules/to-regex-range": {
            "version": "5.0.1",
            "dev": true,
            "license": "MIT",
            "dependencies": {
                "is-number": "^7.0.0"
            },
            "engines": {
                "node": ">=8.0"
            }
        },
        "node_modules/vform": {
            "version": "2.1.2",
            "resolved": "https://registry.npmjs.org/vform/-/vform-2.1.2.tgz",
            "integrity": "sha512-Nobg/0ckWHYQAjJJqucOyRv/a3enO40f087KBpkSUCl0eRQTE8qmUqk/l5gmbxhD8UO3A8dDiSRWKmKF8+l4YQ==",
            "peerDependencies": {
                "axios": "*",
                "vue": "*"
            }
        },
        "node_modules/vite": {
            "version": "5.0.11",
            "dev": true,
            "license": "MIT",
            "dependencies": {
                "esbuild": "^0.19.3",
                "postcss": "^8.4.32",
                "rollup": "^4.2.0"
            },
            "bin": {
                "vite": "bin/vite.js"
            },
            "engines": {
                "node": "^18.0.0 || >=20.0.0"
            },
            "funding": {
                "url": "https://github.com/vitejs/vite?sponsor=1"
            },
            "optionalDependencies": {
                "fsevents": "~2.3.3"
            },
            "peerDependencies": {
                "@types/node": "^18.0.0 || >=20.0.0",
                "less": "*",
                "lightningcss": "^1.21.0",
                "sass": "*",
                "stylus": "*",
                "sugarss": "*",
                "terser": "^5.4.0"
            },
            "peerDependenciesMeta": {
                "@types/node": {
                    "optional": true
                },
                "less": {
                    "optional": true
                },
                "lightningcss": {
                    "optional": true
                },
                "sass": {
                    "optional": true
                },
                "stylus": {
                    "optional": true
                },
                "sugarss": {
                    "optional": true
                },
                "terser": {
                    "optional": true
                }
            }
        },
        "node_modules/vite-plugin-full-reload": {
            "version": "1.1.0",
            "dev": true,
            "license": "MIT",
            "dependencies": {
                "picocolors": "^1.0.0",
                "picomatch": "^2.3.1"
            }
        },
        "node_modules/vue": {
            "version": "3.4.7",
            "license": "MIT",
            "dependencies": {
                "@vue/compiler-dom": "3.4.7",
                "@vue/compiler-sfc": "3.4.7",
                "@vue/runtime-dom": "3.4.7",
                "@vue/server-renderer": "3.4.7",
                "@vue/shared": "3.4.7"
            },
            "peerDependencies": {
                "typescript": "*"
            },
            "peerDependenciesMeta": {
                "typescript": {
                    "optional": true
                }
            }
        },
        "node_modules/vue-router": {
            "version": "4.2.5",
            "license": "MIT",
            "dependencies": {
                "@vue/devtools-api": "^6.5.0"
            },
            "funding": {
                "url": "https://github.com/sponsors/posva"
            },
            "peerDependencies": {
                "vue": "^3.2.0"
            }
        },
        "node_modules/vue-toast-notification": {
            "version": "3.1.2",
            "resolved": "https://registry.npmjs.org/vue-toast-notification/-/vue-toast-notification-3.1.2.tgz",
            "integrity": "sha512-oNRL/W9aaHoeScp+iTIW7k09vM16/+8aptp2maa+7qTB43JuxmAgKdXKFYtf+uvSNOYYq2BIWgLCeJ61pwom/A==",
            "engines": {
                "node": ">=12.15.0"
            },
            "peerDependencies": {
                "vue": "^3.0"
            }
        },
        "node_modules/vue3-toastify": {
            "version": "0.2.1",
            "resolved": "https://registry.npmjs.org/vue3-toastify/-/vue3-toastify-0.2.1.tgz",
            "integrity": "sha512-u4i5LCu1q5qs4L4Kbjb4u8NipCS8ox1fCHQ6XFS62676xnA6Q/AJRpZEkAurTMp723LeH6eQX6k9+24bKf1T4Q==",
            "engines": {
                "node": ">=16",
                "npm": ">=7"
            },
            "peerDependencies": {
                "vue": ">=3.2.0"
            },
            "peerDependenciesMeta": {
                "vue": {
                    "optional": true
                }
            }
        }
    }
}
